
Microsoft Visual Studio Solution File, Format Version 12.00
# Visual Studio Version 17
VisualStudioVersion = 17.8.34511.84
MinimumVisualStudioVersion = 10.0.40219.1
Project("{FAE04EC0-301F-11D3-BF4B-00C04F79EFBC}") = "StoreApp", "StoreApp\StoreApp.csproj", "{974C254B-B0B7-41D0-AB8B-F36FF8AAB7FB}"
EndProject
Global
	GlobalSection(SolutionConfigurationPlatforms) = preSolution
		Debug|Any CPU = Debug|Any CPU
		Release|Any CPU = Release|Any CPU
	EndGlobalSection
	GlobalSection(ProjectConfigurationPlatforms) = postSolution
		{974C254B-B0B7-41D0-AB8B-F36FF8AAB7FB}.Debug|Any CPU.ActiveCfg = Debug|Any CPU
		{974C254B-B0B7-41D0-AB8B-F36FF8AAB7FB}.Debug|Any CPU.Build.0 = Debug|Any CPU
		{974C254B-B0B7-41D0-AB8B-F36FF8AAB7FB}.Release|Any CPU.ActiveCfg = Release|Any CPU
		{974C254B-B0B7-41D0-AB8B-F36FF8AAB7FB}.Release|Any CPU.Build.0 = Release|Any CPU
	EndGlobalSection
	GlobalSection(SolutionProperties) = preSolution
		HideSolutionNode = FALSE
	EndGlobalSection
	GlobalSection(ExtensibilityGlobals) = postSolution
		SolutionGuid = {1DC0E05F-91BC-4D1C-83BE-F56E45AD038E}
	EndGlobalSection
EndGlobal
